
Microsoft Visual Studio Solution File, Format Version 12.00
# Visual Studio 15
VisualStudioVersion = 15.0.27428.2027
MinimumVisualStudioVersion = 10.0.40219.1
Project("{FAE04EC0-301F-11D3-BF4B-00C04F79EFBC}") = "WpfBasics", "WpfBasics\WpfBasics.csproj", "{76E39734-B1AA-4F82-84C7-FB10C6468FC7}"
EndProject
Project("{FAE04EC0-301F-11D3-BF4B-00C04F79EFBC}") = "AZE Stempeluhr", "AZE Stempeluhr\AZE Stempeluhr.csproj", "{D79952A5-1987-420C-A1BF-869271920CC4}"
EndProject
Global
	GlobalSection(SolutionConfigurationPlatforms) = preSolution
		Debug|Any CPU = Debug|Any CPU
		Release|Any CPU = Release|Any CPU
	EndGlobalSection
	GlobalSection(ProjectConfigurationPlatforms) = postSolution
		{76E39734-B1AA-4F82-84C7-FB10C6468FC7}.Debug|Any CPU.ActiveCfg = Debug|Any CPU
		{76E39734-B1AA-4F82-84C7-FB10C6468FC7}.Debug|Any CPU.Build.0 = Debug|Any CPU
		{76E39734-B1AA-4F82-84C7-FB10C6468FC7}.Release|Any CPU.ActiveCfg = Release|Any CPU
		{76E39734-B1AA-4F82-84C7-FB10C6468FC7}.Release|Any CPU.Build.0 = Release|Any CPU
		{D79952A5-1987-420C-A1BF-869271920CC4}.Debug|Any CPU.ActiveCfg = Debug|Any CPU
		{D79952A5-1987-420C-A1BF-869271920CC4}.Debug|Any CPU.Build.0 = Debug|Any CPU
		{D79952A5-1987-420C-A1BF-869271920CC4}.Release|Any CPU.ActiveCfg = Release|Any CPU
		{D79952A5-1987-420C-A1BF-869271920CC4}.Release|Any CPU.Build.0 = Release|Any CPU
	EndGlobalSection
	GlobalSection(SolutionProperties) = preSolution
		HideSolutionNode = FALSE
	EndGlobalSection
	GlobalSection(ExtensibilityGlobals) = postSolution
		SolutionGuid = {895B3597-F4EA-42DA-8CA4-91D8B4E973CB}
	EndGlobalSection
EndGlobal
